// !$*UTF8*$!
{
	archiveVersion = 1;
	classes = {
	};
	objectVersion = 52;
	objects = {

/* Begin PBXBuildFile section */
		8602F31D265C086F00611C93 /* ExampleAppApp.swift in Sources */ = {isa = PBXBuildFile; fileRef = 8602F31C265C086F00611C93 /* ExampleAppApp.swift */; };
		8602F31F265C086F00611C93 /* ContentView.swift in Sources */ = {isa = PBXBuildFile; fileRef = 8602F31E265C086F00611C93 /* ContentView.swift */; };
		8602F321265C087200611C93 /* Assets.xcassets in Resources */ = {isa = PBXBuildFile; fileRef = 8602F320265C087200611C93 /* Assets.xcassets */; };
		8602F324265C087200611C93 /* Preview Assets.xcassets in Resources */ = {isa = PBXBuildFile; fileRef = 8602F323265C087200611C93 /* Preview Assets.xcassets */; };
		8602F330265C087200611C93 /* ExampleAppTests.swift in Sources */ = {isa = PBXBuildFile; fileRef = 8602F32F265C087200611C93 /* ExampleAppTests.swift */; };
		8602F33B265C087200611C93 /* ExampleAppUITests.swift in Sources */ = {isa = PBXBuildFile; fileRef = 8602F33A265C087200611C93 /* ExampleAppUITests.swift */; };
		8602F34A265C08A500611C93 /* Resolver in Frameworks */ = {isa = PBXBuildFile; productRef = 8602F349265C08A500611C93 /* Resolver */; };
		8602F34D265C097600611C93 /* FirebaseAuth in Frameworks */ = {isa = PBXBuildFile; productRef = 8602F34C265C097600611C93 /* FirebaseAuth */; };
		8602F34F265C097600611C93 /* FirebaseFirestore in Frameworks */ = {isa = PBXBuildFile; productRef = 8602F34E265C097600611C93 /* FirebaseFirestore */; };
		8602F351265C097600611C93 /* FirebaseFirestoreSwift-Beta in Frameworks */ = {isa = PBXBuildFile; productRef = 8602F350265C097600611C93 /* FirebaseFirestoreSwift-Beta */; };
		8602F353265C09CA00611C93 /* FirebaseService.swift in Sources */ = {isa = PBXBuildFile; fileRef = 8602F352265C09CA00611C93 /* FirebaseService.swift */; };
		8602F355265C09E000611C93 /* RealFirebaseService.swift in Sources */ = {isa = PBXBuildFile; fileRef = 8602F354265C09E000611C93 /* RealFirebaseService.swift */; };
		8602F357265C09E600611C93 /* MockFirebaseService.swift in Sources */ = {isa = PBXBuildFile; fileRef = 8602F356265C09E600611C93 /* MockFirebaseService.swift */; };
		8602F359265C0AA900611C93 /* Resolver+ResolverRegistering.swift in Sources */ = {isa = PBXBuildFile; fileRef = 8602F358265C0AA900611C93 /* Resolver+ResolverRegistering.swift */; };
		8602F35B265C0BE900611C93 /* GoogleService-Info.plist in Resources */ = {isa = PBXBuildFile; fileRef = 8602F35A265C0BE900611C93 /* GoogleService-Info.plist */; };
		8602F35C265C0BE900611C93 /* GoogleService-Info.plist in Resources */ = {isa = PBXBuildFile; fileRef = 8602F35A265C0BE900611C93 /* GoogleService-Info.plist */; };
		8602F35D265C0BE900611C93 /* GoogleService-Info.plist in Resources */ = {isa = PBXBuildFile; fileRef = 8602F35A265C0BE900611C93 /* GoogleService-Info.plist */; };
/* End PBXBuildFile section */

/* Begin PBXContainerItemProxy section */
		8602F32C265C087200611C93 /* PBXContainerItemProxy */ = {
			isa = PBXContainerItemProxy;
			containerPortal = 8602F311265C086F00611C93 /* Project object */;
			proxyType = 1;
			remoteGlobalIDString = 8602F318265C086F00611C93;
			remoteInfo = ExampleApp;
		};
		8602F337265C087200611C93 /* PBXContainerItemProxy */ = {
			isa = PBXContainerItemProxy;
			containerPortal = 8602F311265C086F00611C93 /* Project object */;
			proxyType = 1;
			remoteGlobalIDString = 8602F318265C086F00611C93;
			remoteInfo = ExampleApp;
		};
/* End PBXContainerItemProxy section */

/* Begin PBXFileReference section */
		8602F319265C086F00611C93 /* ExampleApp.app */ = {isa = PBXFileReference; explicitFileType = wrapper.application; includeInIndex = 0; path = ExampleApp.app; sourceTree = BUILT_PRODUCTS_DIR; };
		8602F31C265C086F00611C93 /* ExampleAppApp.swift */ = {isa = PBXFileReference; lastKnownFileType = sourcecode.swift; path = ExampleAppApp.swift; sourceTree = "<group>"; };
		8602F31E265C086F00611C93 /* ContentView.swift */ = {isa = PBXFileReference; lastKnownFileType = sourcecode.swift; path = ContentView.swift; sourceTree = "<group>"; };
		8602F320265C087200611C93 /* Assets.xcassets */ = {isa = PBXFileReference; lastKnownFileType = folder.assetcatalog; path = Assets.xcassets; sourceTree = "<group>"; };
		8602F323265C087200611C93 /* Preview Assets.xcassets */ = {isa = PBXFileReference; lastKnownFileType = folder.assetcatalog; path = "Preview Assets.xcassets"; sourceTree = "<group>"; };
		8602F325265C087200611C93 /* Info.plist */ = {isa = PBXFileReference; lastKnownFileType = text.plist.xml; path = Info.plist; sourceTree = "<group>"; };
		8602F326265C087200611C93 /* ExampleApp.entitlements */ = {isa = PBXFileReference; lastKnownFileType = text.plist.entitlements; path = ExampleApp.entitlements; sourceTree = "<group>"; };
		8602F32B265C087200611C93 /* ExampleAppTests.xctest */ = {isa = PBXFileReference; explicitFileType = wrapper.cfbundle; includeInIndex = 0; path = ExampleAppTests.xctest; sourceTree = BUILT_PRODUCTS_DIR; };
		8602F32F265C087200611C93 /* ExampleAppTests.swift */ = {isa = PBXFileReference; lastKnownFileType = sourcecode.swift; path = ExampleAppTests.swift; sourceTree = "<group>"; };
		8602F331265C087200611C93 /* Info.plist */ = {isa = PBXFileReference; lastKnownFileType = text.plist.xml; path = Info.plist; sourceTree = "<group>"; };
		8602F336265C087200611C93 /* ExampleAppUITests.xctest */ = {isa = PBXFileReference; explicitFileType = wrapper.cfbundle; includeInIndex = 0; path = ExampleAppUITests.xctest; sourceTree = BUILT_PRODUCTS_DIR; };
		8602F33A265C087200611C93 /* ExampleAppUITests.swift */ = {isa = PBXFileReference; lastKnownFileType = sourcecode.swift; path = ExampleAppUITests.swift; sourceTree = "<group>"; };
		8602F33C265C087200611C93 /* Info.plist */ = {isa = PBXFileReference; lastKnownFileType = text.plist.xml; path = Info.plist; sourceTree = "<group>"; };
		8602F352265C09CA00611C93 /* FirebaseService.swift */ = {isa = PBXFileReference; lastKnownFileType = sourcecode.swift; path = FirebaseService.swift; sourceTree = "<group>"; };
		8602F354265C09E000611C93 /* RealFirebaseService.swift */ = {isa = PBXFileReference; lastKnownFileType = sourcecode.swift; path = RealFirebaseService.swift; sourceTree = "<group>"; };
		8602F356265C09E600611C93 /* MockFirebaseService.swift */ = {isa = PBXFileReference; lastKnownFileType = sourcecode.swift; path = MockFirebaseService.swift; sourceTree = "<group>"; };
		8602F358265C0AA900611C93 /* Resolver+ResolverRegistering.swift */ = {isa = PBXFileReference; lastKnownFileType = sourcecode.swift; path = "Resolver+ResolverRegistering.swift"; sourceTree = "<group>"; };
		8602F35A265C0BE900611C93 /* GoogleService-Info.plist */ = {isa = PBXFileReference; fileEncoding = 4; lastKnownFileType = text.plist.xml; path = "GoogleService-Info.plist"; sourceTree = "<group>"; };
/* End PBXFileReference section */

/* Begin PBXFrameworksBuildPhase section */
		8602F316265C086F00611C93 /* Frameworks */ = {
			isa = PBXFrameworksBuildPhase;
			buildActionMask = 2147483647;
			files = (
				8602F34A265C08A500611C93 /* Resolver in Frameworks */,
				8602F351265C097600611C93 /* FirebaseFirestoreSwift-Beta in Frameworks */,
				8602F34D265C097600611C93 /* FirebaseAuth in Frameworks */,
				8602F34F265C097600611C93 /* FirebaseFirestore in Frameworks */,
			);
			runOnlyForDeploymentPostprocessing = 0;
		};
		8602F328265C087200611C93 /* Frameworks */ = {
			isa = PBXFrameworksBuildPhase;
			buildActionMask = 2147483647;
			files = (
			);
			runOnlyForDeploymentPostprocessing = 0;
		};
		8602F333265C087200611C93 /* Frameworks */ = {
			isa = PBXFrameworksBuildPhase;
			buildActionMask = 2147483647;
			files = (
			);
			runOnlyForDeploymentPostprocessing = 0;
		};
/* End PBXFrameworksBuildPhase section */

/* Begin PBXGroup section */
		8602F310265C086F00611C93 = {
			isa = PBXGroup;
			children = (
				8602F31B265C086F00611C93 /* ExampleApp */,
				8602F32E265C087200611C93 /* ExampleAppTests */,
				8602F339265C087200611C93 /* ExampleAppUITests */,
				8602F31A265C086F00611C93 /* Products */,
			);
			sourceTree = "<group>";
		};
		8602F31A265C086F00611C93 /* Products */ = {
			isa = PBXGroup;
			children = (
				8602F319265C086F00611C93 /* ExampleApp.app */,
				8602F32B265C087200611C93 /* ExampleAppTests.xctest */,
				8602F336265C087200611C93 /* ExampleAppUITests.xctest */,
			);
			name = Products;
			sourceTree = "<group>";
		};
		8602F31B265C086F00611C93 /* ExampleApp */ = {
			isa = PBXGroup;
			children = (
				8602F35E265C112D00611C93 /* Services */,
				8602F320265C087200611C93 /* Assets.xcassets */,
				8602F31E265C086F00611C93 /* ContentView.swift */,
				8602F326265C087200611C93 /* ExampleApp.entitlements */,
				8602F31C265C086F00611C93 /* ExampleAppApp.swift */,
				8602F35A265C0BE900611C93 /* GoogleService-Info.plist */,
				8602F325265C087200611C93 /* Info.plist */,
				8602F322265C087200611C93 /* Preview Content */,
			);
			path = ExampleApp;
			sourceTree = "<group>";
		};
		8602F322265C087200611C93 /* Preview Content */ = {
			isa = PBXGroup;
			children = (
				8602F323265C087200611C93 /* Preview Assets.xcassets */,
			);
			path = "Preview Content";
			sourceTree = "<group>";
		};
		8602F32E265C087200611C93 /* ExampleAppTests */ = {
			isa = PBXGroup;
			children = (
				8602F32F265C087200611C93 /* ExampleAppTests.swift */,
				8602F331265C087200611C93 /* Info.plist */,
			);
			path = ExampleAppTests;
			sourceTree = "<group>";
		};
		8602F339265C087200611C93 /* ExampleAppUITests */ = {
			isa = PBXGroup;
			children = (
				8602F33A265C087200611C93 /* ExampleAppUITests.swift */,
				8602F33C265C087200611C93 /* Info.plist */,
			);
			path = ExampleAppUITests;
			sourceTree = "<group>";
		};
		8602F35E265C112D00611C93 /* Services */ = {
			isa = PBXGroup;
			children = (
				8602F352265C09CA00611C93 /* FirebaseService.swift */,
				8602F356265C09E600611C93 /* MockFirebaseService.swift */,
				8602F354265C09E000611C93 /* RealFirebaseService.swift */,
				8602F358265C0AA900611C93 /* Resolver+ResolverRegistering.swift */,
			);
			path = Services;
			sourceTree = "<group>";
		};
/* End PBXGroup section */

/* Begin PBXNativeTarget section */
		8602F318265C086F00611C93 /* ExampleApp */ = {
			isa = PBXNativeTarget;
			buildConfigurationList = 8602F33F265C087200611C93 /* Build configuration list for PBXNativeTarget "ExampleApp" */;
			buildPhases = (
				8602F315265C086F00611C93 /* Sources */,
				8602F316265C086F00611C93 /* Frameworks */,
				8602F317265C086F00611C93 /* Resources */,
			);
			buildRules = (
			);
			dependencies = (
			);
			name = ExampleApp;
			packageProductDependencies = (
				8602F349265C08A500611C93 /* Resolver */,
				8602F34C265C097600611C93 /* FirebaseAuth */,
				8602F34E265C097600611C93 /* FirebaseFirestore */,
				8602F350265C097600611C93 /* FirebaseFirestoreSwift-Beta */,
			);
			productName = ExampleApp;
			productReference = 8602F319265C086F00611C93 /* ExampleApp.app */;
			productType = "com.apple.product-type.application";
		};
		8602F32A265C087200611C93 /* ExampleAppTests */ = {
			isa = PBXNativeTarget;
			buildConfigurationList = 8602F342265C087200611C93 /* Build configuration list for PBXNativeTarget "ExampleAppTests" */;
			buildPhases = (
				8602F327265C087200611C93 /* Sources */,
				8602F328265C087200611C93 /* Frameworks */,
				8602F329265C087200611C93 /* Resources */,
			);
			buildRules = (
			);
			dependencies = (
				8602F32D265C087200611C93 /* PBXTargetDependency */,
			);
			name = ExampleAppTests;
			productName = ExampleAppTests;
			productReference = 8602F32B265C087200611C93 /* ExampleAppTests.xctest */;
			productType = "com.apple.product-type.bundle.unit-test";
		};
		8602F335265C087200611C93 /* ExampleAppUITests */ = {
			isa = PBXNativeTarget;
			buildConfigurationList = 8602F345265C087200611C93 /* Build configuration list for PBXNativeTarget "ExampleAppUITests" */;
			buildPhases = (
				8602F332265C087200611C93 /* Sources */,
				8602F333265C087200611C93 /* Frameworks */,
				8602F334265C087200611C93 /* Resources */,
			);
			buildRules = (
			);
			dependencies = (
				8602F338265C087200611C93 /* PBXTargetDependency */,
			);
			name = ExampleAppUITests;
			productName = ExampleAppUITests;
			productReference = 8602F336265C087200611C93 /* ExampleAppUITests.xctest */;
			productType = "com.apple.product-type.bundle.ui-testing";
		};
/* End PBXNativeTarget section */

/* Begin PBXProject section */
		8602F311265C086F00611C93 /* Project object */ = {
			isa = PBXProject;
			attributes = {
				LastSwiftUpdateCheck = 1250;
				LastUpgradeCheck = 1250;
				TargetAttributes = {
					8602F318265C086F00611C93 = {
						CreatedOnToolsVersion = 12.5;
					};
					8602F32A265C087200611C93 = {
						CreatedOnToolsVersion = 12.5;
						TestTargetID = 8602F318265C086F00611C93;
					};
					8602F335265C087200611C93 = {
						CreatedOnToolsVersion = 12.5;
						TestTargetID = 8602F318265C086F00611C93;
					};
				};
			};
			buildConfigurationList = 8602F314265C086F00611C93 /* Build configuration list for PBXProject "ExampleApp" */;
			compatibilityVersion = "Xcode 9.3";
			developmentRegion = en;
			hasScannedForEncodings = 0;
			knownRegions = (
				en,
				Base,
			);
			mainGroup = 8602F310265C086F00611C93;
			packageReferences = (
				8602F348265C08A500611C93 /* XCRemoteSwiftPackageReference "Resolver" */,
				8602F34B265C097600611C93 /* XCRemoteSwiftPackageReference "firebase-ios-sdk" */,
			);
			productRefGroup = 8602F31A265C086F00611C93 /* Products */;
			projectDirPath = "";
			projectRoot = "";
			targets = (
				8602F318265C086F00611C93 /* ExampleApp */,
				8602F32A265C087200611C93 /* ExampleAppTests */,
				8602F335265C087200611C93 /* ExampleAppUITests */,
			);
		};
/* End PBXProject section */

/* Begin PBXResourcesBuildPhase section */
		8602F317265C086F00611C93 /* Resources */ = {
			isa = PBXResourcesBuildPhase;
			buildActionMask = 2147483647;
			files = (
				8602F324265C087200611C93 /* Preview Assets.xcassets in Resources */,
				8602F321265C087200611C93 /* Assets.xcassets in Resources */,
				8602F35B265C0BE900611C93 /* GoogleService-Info.plist in Resources */,
			);
			runOnlyForDeploymentPostprocessing = 0;
		};
		8602F329265C087200611C93 /* Resources */ = {
			isa = PBXResourcesBuildPhase;
			buildActionMask = 2147483647;
			files = (
				8602F35C265C0BE900611C93 /* GoogleService-Info.plist in Resources */,
			);
			runOnlyForDeploymentPostprocessing = 0;
		};
		8602F334265C087200611C93 /* Resources */ = {
			isa = PBXResourcesBuildPhase;
			buildActionMask = 2147483647;
			files = (
				8602F35D265C0BE900611C93 /* GoogleService-Info.plist in Resources */,
			);
			runOnlyForDeploymentPostprocessing = 0;
		};
/* End PBXResourcesBuildPhase section */

/* Begin PBXSourcesBuildPhase section */
		8602F315265C086F00611C93 /* Sources */ = {
			isa = PBXSourcesBuildPhase;
			buildActionMask = 2147483647;
			files = (
				8602F31F265C086F00611C93 /* ContentView.swift in Sources */,
				8602F353265C09CA00611C93 /* FirebaseService.swift in Sources */,
				8602F355265C09E000611C93 /* RealFirebaseService.swift in Sources */,
				8602F357265C09E600611C93 /* MockFirebaseService.swift in Sources */,
				8602F31D265C086F00611C93 /* ExampleAppApp.swift in Sources */,
				8602F359265C0AA900611C93 /* Resolver+ResolverRegistering.swift in Sources */,
			);
			runOnlyForDeploymentPostprocessing = 0;
		};
		8602F327265C087200611C93 /* Sources */ = {
			isa = PBXSourcesBuildPhase;
			buildActionMask = 2147483647;
			files = (
				8602F330265C087200611C93 /* ExampleAppTests.swift in Sources */,
			);
			runOnlyForDeploymentPostprocessing = 0;
		};
		8602F332265C087200611C93 /* Sources */ = {
			isa = PBXSourcesBuildPhase;
			buildActionMask = 2147483647;
			files = (
				8602F33B265C087200611C93 /* ExampleAppUITests.swift in Sources */,
			);
			runOnlyForDeploymentPostprocessing = 0;
		};
/* End PBXSourcesBuildPhase section */

/* Begin PBXTargetDependency section */
		8602F32D265C087200611C93 /* PBXTargetDependency */ = {
			isa = PBXTargetDependency;
			target = 8602F318265C086F00611C93 /* ExampleApp */;
			targetProxy = 8602F32C265C087200611C93 /* PBXContainerItemProxy */;
		};
		8602F338265C087200611C93 /* PBXTargetDependency */ = {
			isa = PBXTargetDependency;
			target = 8602F318265C086F00611C93 /* ExampleApp */;
			targetProxy = 8602F337265C087200611C93 /* PBXContainerItemProxy */;
		};
/* End PBXTargetDependency section */

/* Begin XCBuildConfiguration section */
		8602F33D265C087200611C93 /* Debug */ = {
			isa = XCBuildConfiguration;
			buildSettings = {
				ALWAYS_SEARCH_USER_PATHS = NO;
				CLANG_ANALYZER_NONNULL = YES;
				CLANG_ANALYZER_NUMBER_OBJECT_CONVERSION = YES_AGGRESSIVE;
				CLANG_CXX_LANGUAGE_STANDARD = "gnu++14";
				CLANG_CXX_LIBRARY = "libc++";
				CLANG_ENABLE_MODULES = YES;
				CLANG_ENABLE_OBJC_ARC = YES;
				CLANG_ENABLE_OBJC_WEAK = YES;
				CLANG_WARN_BLOCK_CAPTURE_AUTORELEASING = YES;
				CLANG_WARN_BOOL_CONVERSION = YES;
				CLANG_WARN_COMMA = YES;
				CLANG_WARN_CONSTANT_CONVERSION = YES;
				CLANG_WARN_DEPRECATED_OBJC_IMPLEMENTATIONS = YES;
				CLANG_WARN_DIRECT_OBJC_ISA_USAGE = YES_ERROR;
				CLANG_WARN_DOCUMENTATION_COMMENTS = YES;
				CLANG_WARN_EMPTY_BODY = YES;
				CLANG_WARN_ENUM_CONVERSION = YES;
				CLANG_WARN_INFINITE_RECURSION = YES;
				CLANG_WARN_INT_CONVERSION = YES;
				CLANG_WARN_NON_LITERAL_NULL_CONVERSION = YES;
				CLANG_WARN_OBJC_IMPLICIT_RETAIN_SELF = YES;
				CLANG_WARN_OBJC_LITERAL_CONVERSION = YES;
				CLANG_WARN_OBJC_ROOT_CLASS = YES_ERROR;
				CLANG_WARN_QUOTED_INCLUDE_IN_FRAMEWORK_HEADER = YES;
				CLANG_WARN_RANGE_LOOP_ANALYSIS = YES;
				CLANG_WARN_STRICT_PROTOTYPES = YES;
				CLANG_WARN_SUSPICIOUS_MOVE = YES;
				CLANG_WARN_UNGUARDED_AVAILABILITY = YES_AGGRESSIVE;
				CLANG_WARN_UNREACHABLE_CODE = YES;
				CLANG_WARN__DUPLICATE_METHOD_MATCH = YES;
				COPY_PHASE_STRIP = NO;
				DEBUG_INFORMATION_FORMAT = dwarf;
				ENABLE_STRICT_OBJC_MSGSEND = YES;
				ENABLE_TESTABILITY = YES;
				GCC_C_LANGUAGE_STANDARD = gnu11;
				GCC_DYNAMIC_NO_PIC = NO;
				GCC_NO_COMMON_BLOCKS = YES;
				GCC_OPTIMIZATION_LEVEL = 0;
				GCC_PREPROCESSOR_DEFINITIONS = (
					"DEBUG=1",
					"$(inherited)",
				);
				GCC_WARN_64_TO_32_BIT_CONVERSION = YES;
				GCC_WARN_ABOUT_RETURN_TYPE = YES_ERROR;
				GCC_WARN_UNDECLARED_SELECTOR = YES;
				GCC_WARN_UNINITIALIZED_AUTOS = YES_AGGRESSIVE;
				GCC_WARN_UNUSED_FUNCTION = YES;
				GCC_WARN_UNUSED_VARIABLE = YES;
				MACOSX_DEPLOYMENT_TARGET = 11.3;
				MTL_ENABLE_DEBUG_INFO = INCLUDE_SOURCE;
				MTL_FAST_MATH = YES;
				ONLY_ACTIVE_ARCH = YES;
				SDKROOT = macosx;
				SWIFT_ACTIVE_COMPILATION_CONDITIONS = DEBUG;
				SWIFT_OPTIMIZATION_LEVEL = "-Onone";
			};
			name = Debug;
		};
		8602F33E265C087200611C93 /* Release */ = {
			isa = XCBuildConfiguration;
			buildSettings = {
				ALWAYS_SEARCH_USER_PATHS = NO;
				CLANG_ANALYZER_NONNULL = YES;
				CLANG_ANALYZER_NUMBER_OBJECT_CONVERSION = YES_AGGRESSIVE;
				CLANG_CXX_LANGUAGE_STANDARD = "gnu++14";
				CLANG_CXX_LIBRARY = "libc++";
				CLANG_ENABLE_MODULES = YES;
				CLANG_ENABLE_OBJC_ARC = YES;
				CLANG_ENABLE_OBJC_WEAK = YES;
				CLANG_WARN_BLOCK_CAPTURE_AUTORELEASING = YES;
				CLANG_WARN_BOOL_CONVERSION = YES;
				CLANG_WARN_COMMA = YES;
				CLANG_WARN_CONSTANT_CONVERSION = YES;
				CLANG_WARN_DEPRECATED_OBJC_IMPLEMENTATIONS = YES;
				CLANG_WARN_DIRECT_OBJC_ISA_USAGE = YES_ERROR;
				CLANG_WARN_DOCUMENTATION_COMMENTS = YES;
				CLANG_WARN_EMPTY_BODY = YES;
				CLANG_WARN_ENUM_CONVERSION = YES;
				CLANG_WARN_INFINITE_RECURSION = YES;
				CLANG_WARN_INT_CONVERSION = YES;
				CLANG_WARN_NON_LITERAL_NULL_CONVERSION = YES;
				CLANG_WARN_OBJC_IMPLICIT_RETAIN_SELF = YES;
				CLANG_WARN_OBJC_LITERAL_CONVERSION = YES;
				CLANG_WARN_OBJC_ROOT_CLASS = YES_ERROR;
				CLANG_WARN_QUOTED_INCLUDE_IN_FRAMEWORK_HEADER = YES;
				CLANG_WARN_RANGE_LOOP_ANALYSIS = YES;
				CLANG_WARN_STRICT_PROTOTYPES = YES;
				CLANG_WARN_SUSPICIOUS_MOVE = YES;
				CLANG_WARN_UNGUARDED_AVAILABILITY = YES_AGGRESSIVE;
				CLANG_WARN_UNREACHABLE_CODE = YES;
				CLANG_WARN__DUPLICATE_METHOD_MATCH = YES;
				COPY_PHASE_STRIP = NO;
				DEBUG_INFORMATION_FORMAT = "dwarf-with-dsym";
				ENABLE_NS_ASSERTIONS = NO;
				ENABLE_STRICT_OBJC_MSGSEND = YES;
				GCC_C_LANGUAGE_STANDARD = gnu11;
				GCC_NO_COMMON_BLOCKS = YES;
				GCC_WARN_64_TO_32_BIT_CONVERSION = YES;
				GCC_WARN_ABOUT_RETURN_TYPE = YES_ERROR;
				GCC_WARN_UNDECLARED_SELECTOR = YES;
				GCC_WARN_UNINITIALIZED_AUTOS = YES_AGGRESSIVE;
				GCC_WARN_UNUSED_FUNCTION = YES;
				GCC_WARN_UNUSED_VARIABLE = YES;
				MACOSX_DEPLOYMENT_TARGET = 11.3;
				MTL_ENABLE_DEBUG_INFO = NO;
				MTL_FAST_MATH = YES;
				SDKROOT = macosx;
				SWIFT_COMPILATION_MODE = wholemodule;
				SWIFT_OPTIMIZATION_LEVEL = "-O";
			};
			name = Release;
		};
		8602F340265C087200611C93 /* Debug */ = {
			isa = XCBuildConfiguration;
			buildSettings = {
				ASSETCATALOG_COMPILER_APPICON_NAME = AppIcon;
				ASSETCATALOG_COMPILER_GLOBAL_ACCENT_COLOR_NAME = AccentColor;
				CODE_SIGN_ENTITLEMENTS = ExampleApp/ExampleApp.entitlements;
				CODE_SIGN_STYLE = Automatic;
				COMBINE_HIDPI_IMAGES = YES;
				DEVELOPMENT_ASSET_PATHS = "\"ExampleApp/Preview Content\"";
				DEVELOPMENT_TEAM = GLF5FGPT59;
				ENABLE_HARDENED_RUNTIME = YES;
				ENABLE_PREVIEWS = YES;
				INFOPLIST_FILE = ExampleApp/Info.plist;
				LD_RUNPATH_SEARCH_PATHS = (
					"$(inherited)",
					"@executable_path/../Frameworks",
				);
				MACOSX_DEPLOYMENT_TARGET = 11.0;
				PRODUCT_BUNDLE_IDENTIFIER = sg.shawnkoh.ExampleApp;
				PRODUCT_NAME = "$(TARGET_NAME)";
				SWIFT_VERSION = 5.0;
			};
			name = Debug;
		};
		8602F341265C087200611C93 /* Release */ = {
			isa = XCBuildConfiguration;
			buildSettings = {
				ASSETCATALOG_COMPILER_APPICON_NAME = AppIcon;
				ASSETCATALOG_COMPILER_GLOBAL_ACCENT_COLOR_NAME = AccentColor;
				CODE_SIGN_ENTITLEMENTS = ExampleApp/ExampleApp.entitlements;
				CODE_SIGN_STYLE = Automatic;
				COMBINE_HIDPI_IMAGES = YES;
				DEVELOPMENT_ASSET_PATHS = "\"ExampleApp/Preview Content\"";
				DEVELOPMENT_TEAM = GLF5FGPT59;
				ENABLE_HARDENED_RUNTIME = YES;
				ENABLE_PREVIEWS = YES;
				INFOPLIST_FILE = ExampleApp/Info.plist;
				LD_RUNPATH_SEARCH_PATHS = (
					"$(inherited)",
					"@executable_path/../Frameworks",
				);
				MACOSX_DEPLOYMENT_TARGET = 11.0;
				PRODUCT_BUNDLE_IDENTIFIER = sg.shawnkoh.ExampleApp;
				PRODUCT_NAME = "$(TARGET_NAME)";
				SWIFT_VERSION = 5.0;
			};
			name = Release;
		};
		8602F343265C087200611C93 /* Debug */ = {
			isa = XCBuildConfiguration;
			buildSettings = {
				ALWAYS_EMBED_SWIFT_STANDARD_LIBRARIES = YES;
				BUNDLE_LOADER = "$(TEST_HOST)";
				CODE_SIGN_STYLE = Automatic;
				COMBINE_HIDPI_IMAGES = YES;
				DEVELOPMENT_TEAM = GLF5FGPT59;
				INFOPLIST_FILE = ExampleAppTests/Info.plist;
				LD_RUNPATH_SEARCH_PATHS = (
					"$(inherited)",
					"@executable_path/../Frameworks",
					"@loader_path/../Frameworks",
				);
				MACOSX_DEPLOYMENT_TARGET = 11.0;
				PRODUCT_BUNDLE_IDENTIFIER = sg.shawnkoh.ExampleAppTests;
				PRODUCT_NAME = "$(TARGET_NAME)";
				SWIFT_VERSION = 5.0;
				TEST_HOST = "$(BUILT_PRODUCTS_DIR)/ExampleApp.app/Contents/MacOS/ExampleApp";
			};
			name = Debug;
		};
		8602F344265C087200611C93 /* Release */ = {
			isa = XCBuildConfiguration;
			buildSettings = {
				ALWAYS_EMBED_SWIFT_STANDARD_LIBRARIES = YES;
				BUNDLE_LOADER = "$(TEST_HOST)";
				CODE_SIGN_STYLE = Automatic;
				COMBINE_HIDPI_IMAGES = YES;
				DEVELOPMENT_TEAM = GLF5FGPT59;
				INFOPLIST_FILE = ExampleAppTests/Info.plist;
				LD_RUNPATH_SEARCH_PATHS = (
					"$(inherited)",
					"@executable_path/../Frameworks",
					"@loader_path/../Frameworks",
				);
				MACOSX_DEPLOYMENT_TARGET = 11.0;
				PRODUCT_BUNDLE_IDENTIFIER = sg.shawnkoh.ExampleAppTests;
				PRODUCT_NAME = "$(TARGET_NAME)";
				SWIFT_VERSION = 5.0;
				TEST_HOST = "$(BUILT_PRODUCTS_DIR)/ExampleApp.app/Contents/MacOS/ExampleApp";
			};
			name = Release;
		};
		8602F346265C087200611C93 /* Debug */ = {
			isa = XCBuildConfiguration;
			buildSettings = {
				ALWAYS_EMBED_SWIFT_STANDARD_LIBRARIES = YES;
				CODE_SIGN_STYLE = Automatic;
				COMBINE_HIDPI_IMAGES = YES;
				DEVELOPMENT_TEAM = GLF5FGPT59;
				INFOPLIST_FILE = ExampleAppUITests/Info.plist;
				LD_RUNPATH_SEARCH_PATHS = (
					"$(inherited)",
					"@executable_path/../Frameworks",
					"@loader_path/../Frameworks",
				);
				PRODUCT_BUNDLE_IDENTIFIER = sg.shawnkoh.ExampleAppUITests;
				PRODUCT_NAME = "$(TARGET_NAME)";
				SWIFT_VERSION = 5.0;
				TEST_TARGET_NAME = ExampleApp;
			};
			name = Debug;
		};
		8602F347265C087200611C93 /* Release */ = {
			isa = XCBuildConfiguration;
			buildSettings = {
				ALWAYS_EMBED_SWIFT_STANDARD_LIBRARIES = YES;
				CODE_SIGN_STYLE = Automatic;
				COMBINE_HIDPI_IMAGES = YES;
				DEVELOPMENT_TEAM = GLF5FGPT59;
				INFOPLIST_FILE = ExampleAppUITests/Info.plist;
				LD_RUNPATH_SEARCH_PATHS = (
					"$(inherited)",
					"@executable_path/../Frameworks",
					"@loader_path/../Frameworks",
				);
				PRODUCT_BUNDLE_IDENTIFIER = sg.shawnkoh.ExampleAppUITests;
				PRODUCT_NAME = "$(TARGET_NAME)";
				SWIFT_VERSION = 5.0;
				TEST_TARGET_NAME = ExampleApp;
			};
			name = Release;
		};
/* End XCBuildConfiguration section */

/* Begin XCConfigurationList section */
		8602F314265C086F00611C93 /* Build configuration list for PBXProject "ExampleApp" */ = {
			isa = XCConfigurationList;
			buildConfigurations = (
				8602F33D265C087200611C93 /* Debug */,
				8602F33E265C087200611C93 /* Release */,
			);
			defaultConfigurationIsVisible = 0;
			defaultConfigurationName = Release;
		};
		8602F33F265C087200611C93 /* Build configuration list for PBXNativeTarget "ExampleApp" */ = {
			isa = XCConfigurationList;
			buildConfigurations = (
				8602F340265C087200611C93 /* Debug */,
				8602F341265C087200611C93 /* Release */,
			);
			defaultConfigurationIsVisible = 0;
			defaultConfigurationName = Release;
		};
		8602F342265C087200611C93 /* Build configuration list for PBXNativeTarget "ExampleAppTests" */ = {
			isa = XCConfigurationList;
			buildConfigurations = (
				8602F343265C087200611C93 /* Debug */,
				8602F344265C087200611C93 /* Release */,
			);
			defaultConfigurationIsVisible = 0;
			defaultConfigurationName = Release;
		};
		8602F345265C087200611C93 /* Build configuration list for PBXNativeTarget "ExampleAppUITests" */ = {
			isa = XCConfigurationList;
			buildConfigurations = (
				8602F346265C087200611C93 /* Debug */,
				8602F347265C087200611C93 /* Release */,
			);
			defaultConfigurationIsVisible = 0;
			defaultConfigurationName = Release;
		};
/* End XCConfigurationList section */

/* Begin XCRemoteSwiftPackageReference section */
		8602F348265C08A500611C93 /* XCRemoteSwiftPackageReference "Resolver" */ = {
			isa = XCRemoteSwiftPackageReference;
			repositoryURL = "https://github.com/hmlongco/Resolver";
			requirement = {
				kind = upToNextMajorVersion;
				minimumVersion = 1.4.1;
			};
		};
		8602F34B265C097600611C93 /* XCRemoteSwiftPackageReference "firebase-ios-sdk" */ = {
			isa = XCRemoteSwiftPackageReference;
			repositoryURL = "https://github.com/firebase/firebase-ios-sdk.git";
			requirement = {
				kind = upToNextMajorVersion;
				minimumVersion = 8.0.0;
			};
		};
/* End XCRemoteSwiftPackageReference section */

/* Begin XCSwiftPackageProductDependency section */
		8602F349265C08A500611C93 /* Resolver */ = {
			isa = XCSwiftPackageProductDependency;
			package = 8602F348265C08A500611C93 /* XCRemoteSwiftPackageReference "Resolver" */;
			productName = Resolver;
		};
		8602F34C265C097600611C93 /* FirebaseAuth */ = {
			isa = XCSwiftPackageProductDependency;
			package = 8602F34B265C097600611C93 /* XCRemoteSwiftPackageReference "firebase-ios-sdk" */;
			productName = FirebaseAuth;
		};
		8602F34E265C097600611C93 /* FirebaseFirestore */ = {
			isa = XCSwiftPackageProductDependency;
			package = 8602F34B265C097600611C93 /* XCRemoteSwiftPackageReference "firebase-ios-sdk" */;
			productName = FirebaseFirestore;
		};
		8602F350265C097600611C93 /* FirebaseFirestoreSwift-Beta */ = {
			isa = XCSwiftPackageProductDependency;
			package = 8602F34B265C097600611C93 /* XCRemoteSwiftPackageReference "firebase-ios-sdk" */;
			productName = "FirebaseFirestoreSwift-Beta";
		};
/* End XCSwiftPackageProductDependency section */
	};
	rootObject = 8602F311265C086F00611C93 /* Project object */;
}
